
Microsoft Visual Studio Solution File, Format Version 12.00
# Visual Studio 15
VisualStudioVersion = 15.0.27703.2018
MinimumVisualStudioVersion = 10.0.40219.1
Project("{9A19103F-16F7-4668-BE54-9A1E7A4F7556}") = "H2F.Standard .Common", "H2F.Common\H2F.Standard .Common.csproj", "{25B89E48-0398-4105-855E-48051C93C175}"
EndProject
Project("{FAE04EC0-301F-11D3-BF4B-00C04F79EFBC}") = "H2F.Framework.Common", "H2F.Framework.Common\H2F.Framework.Common.csproj", "{32A57830-42AE-43C2-B635-1A1E9B8C8D6B}"
EndProject
Project("{2150E333-8FDC-42A3-9474-1A3956D46DE8}") = "Test", "Test", "{0339B224-7D4B-43CF-ABD0-182DC8F61B75}"
EndProject
Project("{FAE04EC0-301F-11D3-BF4B-00C04F79EFBC}") = "H2F.TEST.MVC", "H2F.TEST.MVC\H2F.TEST.MVC.csproj", "{052B2D93-5E52-4D1B-8612-6778603D5AB3}"
EndProject
Project("{FAE04EC0-301F-11D3-BF4B-00C04F79EFBC}") = "H2F.TEST.Interface", "H2F.TEST.Interface\H2F.TEST.Interface.csproj", "{45389B21-3CD5-4FAF-81E8-1234A47578B1}"
EndProject
Project("{FAE04EC0-301F-11D3-BF4B-00C04F79EFBC}") = "H2F.TEST.Implement", "H2F.TEST.Implement\H2F.TEST.Implement.csproj", "{0BBDC02B-618D-4E9C-BAA2-29CB880292C4}"
EndProject
Project("{FAE04EC0-301F-11D3-BF4B-00C04F79EFBC}") = "H2F.TEST.Bussiness", "H2F.TEST.Bussiness\H2F.TEST.Bussiness.csproj", "{49C77E7E-566A-476D-A1A4-E4A4F66E7E4C}"
EndProject
Global
	GlobalSection(SolutionConfigurationPlatforms) = preSolution
		Debug|Any CPU = Debug|Any CPU
		Release|Any CPU = Release|Any CPU
	EndGlobalSection
	GlobalSection(ProjectConfigurationPlatforms) = postSolution
		{25B89E48-0398-4105-855E-48051C93C175}.Debug|Any CPU.ActiveCfg = Debug|Any CPU
		{25B89E48-0398-4105-855E-48051C93C175}.Debug|Any CPU.Build.0 = Debug|Any CPU
		{25B89E48-0398-4105-855E-48051C93C175}.Release|Any CPU.ActiveCfg = Release|Any CPU
		{25B89E48-0398-4105-855E-48051C93C175}.Release|Any CPU.Build.0 = Release|Any CPU
		{32A57830-42AE-43C2-B635-1A1E9B8C8D6B}.Debug|Any CPU.ActiveCfg = Debug|Any CPU
		{32A57830-42AE-43C2-B635-1A1E9B8C8D6B}.Debug|Any CPU.Build.0 = Debug|Any CPU
		{32A57830-42AE-43C2-B635-1A1E9B8C8D6B}.Release|Any CPU.ActiveCfg = Release|Any CPU
		{32A57830-42AE-43C2-B635-1A1E9B8C8D6B}.Release|Any CPU.Build.0 = Release|Any CPU
		{052B2D93-5E52-4D1B-8612-6778603D5AB3}.Debug|Any CPU.ActiveCfg = Debug|Any CPU
		{052B2D93-5E52-4D1B-8612-6778603D5AB3}.Debug|Any CPU.Build.0 = Debug|Any CPU
		{052B2D93-5E52-4D1B-8612-6778603D5AB3}.Release|Any CPU.ActiveCfg = Release|Any CPU
		{052B2D93-5E52-4D1B-8612-6778603D5AB3}.Release|Any CPU.Build.0 = Release|Any CPU
		{45389B21-3CD5-4FAF-81E8-1234A47578B1}.Debug|Any CPU.ActiveCfg = Debug|Any CPU
		{45389B21-3CD5-4FAF-81E8-1234A47578B1}.Debug|Any CPU.Build.0 = Debug|Any CPU
		{45389B21-3CD5-4FAF-81E8-1234A47578B1}.Release|Any CPU.ActiveCfg = Release|Any CPU
		{45389B21-3CD5-4FAF-81E8-1234A47578B1}.Release|Any CPU.Build.0 = Release|Any CPU
		{0BBDC02B-618D-4E9C-BAA2-29CB880292C4}.Debug|Any CPU.ActiveCfg = Debug|Any CPU
		{0BBDC02B-618D-4E9C-BAA2-29CB880292C4}.Debug|Any CPU.Build.0 = Debug|Any CPU
		{0BBDC02B-618D-4E9C-BAA2-29CB880292C4}.Release|Any CPU.ActiveCfg = Release|Any CPU
		{0BBDC02B-618D-4E9C-BAA2-29CB880292C4}.Release|Any CPU.Build.0 = Release|Any CPU
		{49C77E7E-566A-476D-A1A4-E4A4F66E7E4C}.Debug|Any CPU.ActiveCfg = Debug|Any CPU
		{49C77E7E-566A-476D-A1A4-E4A4F66E7E4C}.Debug|Any CPU.Build.0 = Debug|Any CPU
		{49C77E7E-566A-476D-A1A4-E4A4F66E7E4C}.Release|Any CPU.ActiveCfg = Release|Any CPU
		{49C77E7E-566A-476D-A1A4-E4A4F66E7E4C}.Release|Any CPU.Build.0 = Release|Any CPU
	EndGlobalSection
	GlobalSection(SolutionProperties) = preSolution
		HideSolutionNode = FALSE
	EndGlobalSection
	GlobalSection(NestedProjects) = preSolution
		{052B2D93-5E52-4D1B-8612-6778603D5AB3} = {0339B224-7D4B-43CF-ABD0-182DC8F61B75}
		{45389B21-3CD5-4FAF-81E8-1234A47578B1} = {0339B224-7D4B-43CF-ABD0-182DC8F61B75}
		{0BBDC02B-618D-4E9C-BAA2-29CB880292C4} = {0339B224-7D4B-43CF-ABD0-182DC8F61B75}
		{49C77E7E-566A-476D-A1A4-E4A4F66E7E4C} = {0339B224-7D4B-43CF-ABD0-182DC8F61B75}
	EndGlobalSection
	GlobalSection(ExtensibilityGlobals) = postSolution
		SolutionGuid = {748857B9-F7F5-42E8-A669-A5FBD3F30423}
	EndGlobalSection
EndGlobal
